{
  "name": "four-leaf-clover",
  "lockfileVersion": 3,
  "requires": true,
  "packages": {
    "": {
      "dependencies": {
        "keyframes": "^2.3.0"
      }
    },
    "node_modules/gl-vec3": {
      "version": "1.1.3",
      "resolved": "https://registry.npmjs.org/gl-vec3/-/gl-vec3-1.1.3.tgz",
      "integrity": "sha512-jduKUqT0SGH02l8Yl+mV1yVsDfYgQAJyXGxkJQGyxPLHRiW25DwVIRPt6uvhrEMHftJfqhqKthRcyZqNEl9Xdw=="
    },
    "node_modules/keyframes": {
      "version": "2.3.0",
      "resolved": "https://registry.npmjs.org/keyframes/-/keyframes-2.3.0.tgz",
      "integrity": "sha512-EVDzLk3tWlQSFYFz//Xs5gH8ukgteWIZeL1sSfBBP8cMnru0RKebgiukk/e2fW0wTUYRptjwzj9SFkKrI7EKHA==",
      "dependencies": {
        "gl-vec3": "^1.0.2",
        "lerp-array": "^1.0.0",
        "unlerp": "^1.0.0"
      }
    },
    "node_modules/lerp": {
      "version": "1.0.3",
      "resolved": "https://registry.npmjs.org/lerp/-/lerp-1.0.3.tgz",
      "integrity": "sha512-70Rh4rCkJDvwWiTsyZ1HmJGvnyfFah4m6iTux29XmasRiZPDBpT9Cfa4ai73+uLZxnlKruUS62jj2lb11wURiA=="
    },
    "node_modules/lerp-array": {
      "version": "1.1.1",
      "resolved": "https://registry.npmjs.org/lerp-array/-/lerp-array-1.1.1.tgz",
      "integrity": "sha512-oQtU35G2cAeHNXLFmFXgWINJRNwglf+4gKjRIHVdq9VnDpwxaDaAaCTz2FAkieqkLmRNIySoge6vBjuBLOJIpw==",
      "dependencies": {
        "lerp": "^1.0.0"
      }
    },
    "node_modules/unlerp": {
      "version": "1.0.1",
      "resolved": "https://registry.npmjs.org/unlerp/-/unlerp-1.0.1.tgz",
      "integrity": "sha512-KYAvSHj5Jg0/OlZh25r/xVgzedK657QqCFxlXu7XvXUd6ODQyTRw/pDMoC+tdjdeviU29+b3UXYsl8zRuYecTQ=="
    }
  }
}
